
Microsoft Visual Studio Solution File, Format Version 10.00
# Visual C++ Express 2008
Project("{8BC9CEB8-8B4A-11D0-8D11-00A0C91BC942}") = "BindLua", "BindLua.vcproj", "{F50A6988-B233-42E8-92F5-2B5B5EB6F6C0}"
EndProject
Global
	GlobalSection(SolutionConfigurationPlatforms) = preSolution
		Debug|Win32 = Debug|Win32
		Release|Win32 = Release|Win32
	EndGlobalSection
	GlobalSection(ProjectConfigurationPlatforms) = postSolution
		{F50A6988-B233-42E8-92F5-2B5B5EB6F6C0}.Debug|Win32.ActiveCfg = Debug|Win32
		{F50A6988-B233-42E8-92F5-2B5B5EB6F6C0}.Debug|Win32.Build.0 = Debug|Win32
		{F50A6988-B233-42E8-92F5-2B5B5EB6F6C0}.Release|Win32.ActiveCfg = Release|Win32
		{F50A6988-B233-42E8-92F5-2B5B5EB6F6C0}.Release|Win32.Build.0 = Release|Win32
	EndGlobalSection
	GlobalSection(SolutionProperties) = preSolution
		HideSolutionNode = FALSE
	EndGlobalSection
EndGlobal
