<?xml version="1.0" encoding="UTF-8" standalone="yes" ?>
<CodeBlocks_project_file>
	<FileVersion major="1" minor="6" />
	<Project>
		<Option title="RunTestCase" />
		<Option pch_mode="2" />
		<Option compiler="gcc" />
		<Build>
			<Target title="Debug">
				<Option output="bin\Debug\RunTestCase" prefix_auto="1" extension_auto="1" />
				<Option object_output="obj\Debug\" />
				<Option type="1" />
				<Option compiler="gcc" />
				<Compiler>
					<Add option="-Wall" />
					<Add option="-g" />
					<Add directory="D:\cxxtest" />
					<Add directory="D:\projects\cpgf\test\runtestcase" />
					<Add directory="D:\projects\cpgf\framework" />
					<Add directory="D:\projects\cpgf\framework\testcase" />
				</Compiler>
				<Linker>
					<Add directory="D:\cxxtest" />
					<Add directory="D:\cxxtest\cxxtest" />
				</Linker>
				<ExtraCommands>
					<Add before="D:\projects\cpgf\test\runtestcase\mk.bat" />
				</ExtraCommands>
			</Target>
			<Target title="Release">
				<Option output="bin\Release\RunTestCase" prefix_auto="1" extension_auto="1" />
				<Option object_output="obj\Release\" />
				<Option type="1" />
				<Option compiler="gcc" />
				<Compiler>
					<Add option="-O3" />
					<Add option="-g" />
					<Add option="-DNDEBUG" />
					<Add directory="D:\cxxtest" />
					<Add directory="D:\projects\cpgf\test\runtestcase" />
					<Add directory="D:\projects\cpgf\framework" />
					<Add directory="D:\projects\cpgf\framework\testcase" />
				</Compiler>
				<Linker>
					<Add option="-s" />
				</Linker>
				<ExtraCommands>
					<Add before="D:\projects\cpgf\test\runtestcase\mk.bat" />
				</ExtraCommands>
			</Target>
		</Build>
		<Compiler>
			<Add option="-O2" />
			<Add option="-Wextra" />
			<Add option="-Wall" />
			<Add option="-fexceptions" />
			<Add directory="..\..\..\runtestcase" />
			<Add directory="..\..\..\..\include" />
			<Add directory="..\..\..\..\include\testcase" />
			<Add directory="D:\cxxtest\cxxtest" />
			<Add directory="E:\SourceCode\CPP\boost" />
			<Add directory="E:\SourceCode\CPP\libsigc++-2.2.8" />
			<Add directory="E:\SourceCode\CPP\FastDelegate_src" />
			<Add directory="E:\SourceCode\CPP\SRDelegates\include\srutil\delegate" />
		</Compiler>
		<Linker>
			<Add directory="D:\cxxtest" />
			<Add directory="D:\cxxtest\cxxtest" />
		</Linker>
		<Unit filename="..\..\..\..\..\..\cxxtest\cxxtest\Descriptions.cpp" />
		<Unit filename="..\..\..\..\..\..\cxxtest\cxxtest\DummyDescriptions.cpp" />
		<Unit filename="..\..\..\..\..\..\cxxtest\cxxtest\GlobalFixture.cpp" />
		<Unit filename="..\..\..\..\..\..\cxxtest\cxxtest\GlobalFixture.h" />
		<Unit filename="..\..\..\..\..\..\cxxtest\cxxtest\LinkedList.cpp" />
		<Unit filename="..\..\..\..\..\..\cxxtest\cxxtest\RealDescriptions.cpp" />
		<Unit filename="..\..\..\..\..\..\cxxtest\cxxtest\TestSuite.cpp" />
		<Unit filename="..\..\..\..\..\..\cxxtest\cxxtest\TestTracker.cpp" />
		<Unit filename="..\..\..\..\..\..\cxxtest\cxxtest\ValueTraits.cpp" />
		<Unit filename="..\..\..\..\..\..\cxxtest\cxxtest\ValueTraits.h" />
		<Unit filename="..\..\..\..\src\gevent.cpp" />
		<Unit filename="..\..\..\..\src\gmetaannotation.cpp" />
		<Unit filename="..\..\..\..\src\gmetaapiservice.cpp" />
		<Unit filename="..\..\..\..\src\gmetaapiutil.cpp" />
		<Unit filename="..\..\..\..\src\gmetaclass.cpp" />
		<Unit filename="..\..\..\..\src\gmetacommon.cpp" />
		<Unit filename="..\..\..\..\src\gmetaenum.cpp" />
		<Unit filename="..\..\..\..\src\gmetafield.cpp" />
		<Unit filename="..\..\..\..\src\gmetafundamental.cpp" />
		<Unit filename="..\..\..\..\src\gmetamethod.cpp" />
		<Unit filename="..\..\..\..\src\gmetaoperator.cpp" />
		<Unit filename="..\..\..\..\src\gmetaproperty.cpp" />
		<Unit filename="..\..\..\..\src\gmetatype.cpp" />
		<Unit filename="..\..\..\..\src\gmetatypereg.cpp" />
		<Unit filename="..\..\..\..\src\testcase\benchmark\benchmarkcallback.cpp" />
		<Unit filename="..\..\..\..\src\testcase\reflection\annotation.cpp" />
		<Unit filename="..\..\..\..\src\testcase\reflection\class.cpp" />
		<Unit filename="..\..\..\..\src\testcase\reflection\constructor.cpp" />
		<Unit filename="..\..\..\..\src\testcase\reflection\enum.cpp" />
		<Unit filename="..\..\..\..\src\testcase\reflection\field.cpp" />
		<Unit filename="..\..\..\..\src\testcase\reflection\global.cpp" />
		<Unit filename="..\..\..\..\src\testcase\reflection\helloworld.cpp" />
		<Unit filename="..\..\..\..\src\testcase\reflection\inheritance_multiple.cpp" />
		<Unit filename="..\..\..\..\src\testcase\reflection\inheritance_single.cpp" />
		<Unit filename="..\..\..\..\src\testcase\reflection\metatype.cpp" />
		<Unit filename="..\..\..\..\src\testcase\reflection\method.cpp" />
		<Unit filename="..\..\..\..\src\testcase\reflection\nestedclass.cpp" />
		<Unit filename="..\..\..\..\src\testcase\reflection\operator_arithmetic.cpp" />
		<Unit filename="..\..\..\..\src\testcase\reflection\operator_arithmetic_assign.cpp" />
		<Unit filename="..\..\..\..\src\testcase\reflection\operator_bitwise.cpp" />
		<Unit filename="..\..\..\..\src\testcase\reflection\operator_bitwise_assign.cpp" />
		<Unit filename="..\..\..\..\src\testcase\reflection\operator_common.h" />
		<Unit filename="..\..\..\..\src\testcase\reflection\operator_logic.cpp" />
		<Unit filename="..\..\..\..\src\testcase\reflection\operator_other.cpp" />
		<Unit filename="..\..\..\..\src\testcase\reflection\operator_unary.cpp" />
		<Unit filename="..\..\..\..\src\testcase\reflection\property.cpp" />
		<Unit filename="..\..\..\..\src\testcase\reflection\template.cpp" />
		<Unit filename="..\..\..\..\src\testcase\reflection\test_common.h" />
		<Unit filename="..\..\..\..\src\testcase\testreflection_autogen_wrapper.cpp" />
		<Unit filename="..\..\..\..\src\testcase\testreflection_main.cpp" />
		<Unit filename="main.cpp" />
		<Unit filename="..\..\testsource\TestContainer.cpp" />
		<Unit filename="..\..\testsource\TestEvent.cpp" />
		<Unit filename="..\..\testsource\TestMain.cpp" />
		<Unit filename="..\..\testsource\TestReflection.cpp" />
		<Unit filename="E:\SourceCode\CPP\libsigc++-2.2.8\sigc++\connection.cc" />
		<Unit filename="E:\SourceCode\CPP\libsigc++-2.2.8\sigc++\functors\slot.cc" />
		<Unit filename="E:\SourceCode\CPP\libsigc++-2.2.8\sigc++\functors\slot_base.cc" />
		<Unit filename="E:\SourceCode\CPP\libsigc++-2.2.8\sigc++\signal.cc" />
		<Unit filename="E:\SourceCode\CPP\libsigc++-2.2.8\sigc++\signal_base.cc" />
		<Unit filename="E:\SourceCode\CPP\libsigc++-2.2.8\sigc++\trackable.cc" />
		<Extensions>
			<code_completion />
			<debugger />
		</Extensions>
	</Project>
</CodeBlocks_project_file>
