
Microsoft Visual Studio Solution File, Format Version 10.00
# Visual C++ Express 2008
Project("{8BC9CEB8-8B4A-11D0-8D11-00A0C91BC942}") = "DevTest", "DevTest\DevTest.vcproj", "{56DA5B4B-1231-4301-9013-39BCE21ABD9E}"
EndProject
Project("{8BC9CEB8-8B4A-11D0-8D11-00A0C91BC942}") = "RunTestCase", "..\..\..\..\runtestcase\vcExpress9\RunTestCase\RunTestCase.vcproj", "{29B33BB9-CA87-4574-A5D8-16CF7A27293B}"
EndProject
Global
	GlobalSection(SolutionConfigurationPlatforms) = preSolution
		Debug|Win32 = Debug|Win32
		Release|Win32 = Release|Win32
	EndGlobalSection
	GlobalSection(ProjectConfigurationPlatforms) = postSolution
		{56DA5B4B-1231-4301-9013-39BCE21ABD9E}.Debug|Win32.ActiveCfg = Debug|Win32
		{56DA5B4B-1231-4301-9013-39BCE21ABD9E}.Debug|Win32.Build.0 = Debug|Win32
		{56DA5B4B-1231-4301-9013-39BCE21ABD9E}.Release|Win32.ActiveCfg = Release|Win32
		{56DA5B4B-1231-4301-9013-39BCE21ABD9E}.Release|Win32.Build.0 = Release|Win32
		{29B33BB9-CA87-4574-A5D8-16CF7A27293B}.Debug|Win32.ActiveCfg = Debug|Win32
		{29B33BB9-CA87-4574-A5D8-16CF7A27293B}.Debug|Win32.Build.0 = Debug|Win32
		{29B33BB9-CA87-4574-A5D8-16CF7A27293B}.Release|Win32.ActiveCfg = Release|Win32
		{29B33BB9-CA87-4574-A5D8-16CF7A27293B}.Release|Win32.Build.0 = Release|Win32
	EndGlobalSection
	GlobalSection(SolutionProperties) = preSolution
		HideSolutionNode = FALSE
	EndGlobalSection
EndGlobal
